// !$*UTF8*$!
{
	archiveVersion = 1;
	classes = {
	};
	objectVersion = 55;
	objects = {

/* Begin PBXBuildFile section */
		D9BD25DA289FA2F900DD24F3 /* AppDelegate.swift in Sources */ = {isa = PBXBuildFile; fileRef = D9BD25D9289FA2F900DD24F3 /* AppDelegate.swift */; };
		D9BD25E3289FA2FB00DD24F3 /* Assets.xcassets in Resources */ = {isa = PBXBuildFile; fileRef = D9BD25E2289FA2FB00DD24F3 /* Assets.xcassets */; };
		D9BD25E6289FA2FB00DD24F3 /* LaunchScreen.storyboard in Resources */ = {isa = PBXBuildFile; fileRef = D9BD25E4289FA2FB00DD24F3 /* LaunchScreen.storyboard */; };
		D9BD25F1289FA38D00DD24F3 /* Analizable.swift in Sources */ = {isa = PBXBuildFile; fileRef = D9BD25F0289FA38D00DD24F3 /* Analizable.swift */; };
		D9BD25F3289FA3B500DD24F3 /* Intervention.swift in Sources */ = {isa = PBXBuildFile; fileRef = D9BD25F2289FA3B500DD24F3 /* Intervention.swift */; };
		D9BD25F5289FA3CF00DD24F3 /* Traumable.swift in Sources */ = {isa = PBXBuildFile; fileRef = D9BD25F4289FA3CF00DD24F3 /* Traumable.swift */; };
		D9BD25F7289FA40200DD24F3 /* Criticable.swift in Sources */ = {isa = PBXBuildFile; fileRef = D9BD25F6289FA40200DD24F3 /* Criticable.swift */; };
		D9BD25F9289FA42C00DD24F3 /* Supervisable.swift in Sources */ = {isa = PBXBuildFile; fileRef = D9BD25F8289FA42C00DD24F3 /* Supervisable.swift */; };
		D9BD25FB289FA44300DD24F3 /* Mindfullnessable.swift in Sources */ = {isa = PBXBuildFile; fileRef = D9BD25FA289FA44300DD24F3 /* Mindfullnessable.swift */; };
		D9BD25FD289FA46900DD24F3 /* Regressible.swift in Sources */ = {isa = PBXBuildFile; fileRef = D9BD25FC289FA46900DD24F3 /* Regressible.swift */; };
		D9BD25FF289FA48300DD24F3 /* Psychotherapeuticable.swift in Sources */ = {isa = PBXBuildFile; fileRef = D9BD25FE289FA48300DD24F3 /* Psychotherapeuticable.swift */; };
		D9BD2601289FA4AE00DD24F3 /* Interviewable.swift in Sources */ = {isa = PBXBuildFile; fileRef = D9BD2600289FA4AE00DD24F3 /* Interviewable.swift */; };
		D9BD2603289FA50200DD24F3 /* Client.swift in Sources */ = {isa = PBXBuildFile; fileRef = D9BD2602289FA50200DD24F3 /* Client.swift */; };
		D9BD2605289FA53C00DD24F3 /* Psychotherapist.swift in Sources */ = {isa = PBXBuildFile; fileRef = D9BD2604289FA53C00DD24F3 /* Psychotherapist.swift */; };
		D9BD2607289FA56E00DD24F3 /* Supervisor.swift in Sources */ = {isa = PBXBuildFile; fileRef = D9BD2606289FA56E00DD24F3 /* Supervisor.swift */; };
		D9BD2609289FA5E000DD24F3 /* PsychotherapeuticCenter.swift in Sources */ = {isa = PBXBuildFile; fileRef = D9BD2608289FA5E000DD24F3 /* PsychotherapeuticCenter.swift */; };
		D9BD260B289FA69F00DD24F3 /* AnalizableExtension.swift in Sources */ = {isa = PBXBuildFile; fileRef = D9BD260A289FA69F00DD24F3 /* AnalizableExtension.swift */; };
		D9BD260D289FA6C100DD24F3 /* RegressibleExtension.swift in Sources */ = {isa = PBXBuildFile; fileRef = D9BD260C289FA6C100DD24F3 /* RegressibleExtension.swift */; };
/* End PBXBuildFile section */

/* Begin PBXFileReference section */
		D9BD25D6289FA2F900DD24F3 /* PsychotherapeuticCenter.app */ = {isa = PBXFileReference; explicitFileType = wrapper.application; includeInIndex = 0; path = PsychotherapeuticCenter.app; sourceTree = BUILT_PRODUCTS_DIR; };
		D9BD25D9289FA2F900DD24F3 /* AppDelegate.swift */ = {isa = PBXFileReference; lastKnownFileType = sourcecode.swift; path = AppDelegate.swift; sourceTree = "<group>"; };
		D9BD25E2289FA2FB00DD24F3 /* Assets.xcassets */ = {isa = PBXFileReference; lastKnownFileType = folder.assetcatalog; path = Assets.xcassets; sourceTree = "<group>"; };
		D9BD25E5289FA2FB00DD24F3 /* Base */ = {isa = PBXFileReference; lastKnownFileType = file.storyboard; name = Base; path = Base.lproj/LaunchScreen.storyboard; sourceTree = "<group>"; };
		D9BD25E7289FA2FB00DD24F3 /* Info.plist */ = {isa = PBXFileReference; lastKnownFileType = text.plist.xml; path = Info.plist; sourceTree = "<group>"; };
		D9BD25F0289FA38D00DD24F3 /* Analizable.swift */ = {isa = PBXFileReference; lastKnownFileType = sourcecode.swift; path = Analizable.swift; sourceTree = "<group>"; };
		D9BD25F2289FA3B500DD24F3 /* Intervention.swift */ = {isa = PBXFileReference; lastKnownFileType = sourcecode.swift; path = Intervention.swift; sourceTree = "<group>"; };
		D9BD25F4289FA3CF00DD24F3 /* Traumable.swift */ = {isa = PBXFileReference; lastKnownFileType = sourcecode.swift; path = Traumable.swift; sourceTree = "<group>"; };
		D9BD25F6289FA40200DD24F3 /* Criticable.swift */ = {isa = PBXFileReference; lastKnownFileType = sourcecode.swift; path = Criticable.swift; sourceTree = "<group>"; };
		D9BD25F8289FA42C00DD24F3 /* Supervisable.swift */ = {isa = PBXFileReference; lastKnownFileType = sourcecode.swift; path = Supervisable.swift; sourceTree = "<group>"; };
		D9BD25FA289FA44300DD24F3 /* Mindfullnessable.swift */ = {isa = PBXFileReference; lastKnownFileType = sourcecode.swift; path = Mindfullnessable.swift; sourceTree = "<group>"; };
		D9BD25FC289FA46900DD24F3 /* Regressible.swift */ = {isa = PBXFileReference; lastKnownFileType = sourcecode.swift; path = Regressible.swift; sourceTree = "<group>"; };
		D9BD25FE289FA48300DD24F3 /* Psychotherapeuticable.swift */ = {isa = PBXFileReference; lastKnownFileType = sourcecode.swift; path = Psychotherapeuticable.swift; sourceTree = "<group>"; };
		D9BD2600289FA4AE00DD24F3 /* Interviewable.swift */ = {isa = PBXFileReference; lastKnownFileType = sourcecode.swift; path = Interviewable.swift; sourceTree = "<group>"; };
		D9BD2602289FA50200DD24F3 /* Client.swift */ = {isa = PBXFileReference; lastKnownFileType = sourcecode.swift; path = Client.swift; sourceTree = "<group>"; };
		D9BD2604289FA53C00DD24F3 /* Psychotherapist.swift */ = {isa = PBXFileReference; lastKnownFileType = sourcecode.swift; path = Psychotherapist.swift; sourceTree = "<group>"; };
		D9BD2606289FA56E00DD24F3 /* Supervisor.swift */ = {isa = PBXFileReference; lastKnownFileType = sourcecode.swift; path = Supervisor.swift; sourceTree = "<group>"; };
		D9BD2608289FA5E000DD24F3 /* PsychotherapeuticCenter.swift */ = {isa = PBXFileReference; lastKnownFileType = sourcecode.swift; path = PsychotherapeuticCenter.swift; sourceTree = "<group>"; };
		D9BD260A289FA69F00DD24F3 /* AnalizableExtension.swift */ = {isa = PBXFileReference; lastKnownFileType = sourcecode.swift; path = AnalizableExtension.swift; sourceTree = "<group>"; };
		D9BD260C289FA6C100DD24F3 /* RegressibleExtension.swift */ = {isa = PBXFileReference; lastKnownFileType = sourcecode.swift; path = RegressibleExtension.swift; sourceTree = "<group>"; };
/* End PBXFileReference section */

/* Begin PBXFrameworksBuildPhase section */
		D9BD25D3289FA2F900DD24F3 /* Frameworks */ = {
			isa = PBXFrameworksBuildPhase;
			buildActionMask = 2147483647;
			files = (
			);
			runOnlyForDeploymentPostprocessing = 0;
		};
/* End PBXFrameworksBuildPhase section */

/* Begin PBXGroup section */
		D9BD25CD289FA2F900DD24F3 = {
			isa = PBXGroup;
			children = (
				D9BD25D8289FA2F900DD24F3 /* PsychotherapeuticCenter */,
				D9BD25D7289FA2F900DD24F3 /* Products */,
			);
			sourceTree = "<group>";
		};
		D9BD25D7289FA2F900DD24F3 /* Products */ = {
			isa = PBXGroup;
			children = (
				D9BD25D6289FA2F900DD24F3 /* PsychotherapeuticCenter.app */,
			);
			name = Products;
			sourceTree = "<group>";
		};
		D9BD25D8289FA2F900DD24F3 /* PsychotherapeuticCenter */ = {
			isa = PBXGroup;
			children = (
				D9BD2608289FA5E000DD24F3 /* PsychotherapeuticCenter.swift */,
				D9BD25EF289FA35000DD24F3 /* Extensions */,
				D9BD25EE289FA34200DD24F3 /* Protocols */,
				D9BD25ED289FA33200DD24F3 /* Models */,
				D9BD25D9289FA2F900DD24F3 /* AppDelegate.swift */,
				D9BD25E2289FA2FB00DD24F3 /* Assets.xcassets */,
				D9BD25E4289FA2FB00DD24F3 /* LaunchScreen.storyboard */,
				D9BD25E7289FA2FB00DD24F3 /* Info.plist */,
			);
			path = PsychotherapeuticCenter;
			sourceTree = "<group>";
		};
		D9BD25ED289FA33200DD24F3 /* Models */ = {
			isa = PBXGroup;
			children = (
				D9BD2602289FA50200DD24F3 /* Client.swift */,
				D9BD25F2289FA3B500DD24F3 /* Intervention.swift */,
				D9BD2604289FA53C00DD24F3 /* Psychotherapist.swift */,
				D9BD2606289FA56E00DD24F3 /* Supervisor.swift */,
			);
			path = Models;
			sourceTree = "<group>";
		};
		D9BD25EE289FA34200DD24F3 /* Protocols */ = {
			isa = PBXGroup;
			children = (
				D9BD25F0289FA38D00DD24F3 /* Analizable.swift */,
				D9BD25F4289FA3CF00DD24F3 /* Traumable.swift */,
				D9BD25F6289FA40200DD24F3 /* Criticable.swift */,
				D9BD25F8289FA42C00DD24F3 /* Supervisable.swift */,
				D9BD25FA289FA44300DD24F3 /* Mindfullnessable.swift */,
				D9BD25FC289FA46900DD24F3 /* Regressible.swift */,
				D9BD25FE289FA48300DD24F3 /* Psychotherapeuticable.swift */,
				D9BD2600289FA4AE00DD24F3 /* Interviewable.swift */,
			);
			path = Protocols;
			sourceTree = "<group>";
		};
		D9BD25EF289FA35000DD24F3 /* Extensions */ = {
			isa = PBXGroup;
			children = (
				D9BD260A289FA69F00DD24F3 /* AnalizableExtension.swift */,
				D9BD260C289FA6C100DD24F3 /* RegressibleExtension.swift */,
			);
			path = Extensions;
			sourceTree = "<group>";
		};
/* End PBXGroup section */

/* Begin PBXNativeTarget section */
		D9BD25D5289FA2F900DD24F3 /* PsychotherapeuticCenter */ = {
			isa = PBXNativeTarget;
			buildConfigurationList = D9BD25EA289FA2FB00DD24F3 /* Build configuration list for PBXNativeTarget "PsychotherapeuticCenter" */;
			buildPhases = (
				D9BD25D2289FA2F900DD24F3 /* Sources */,
				D9BD25D3289FA2F900DD24F3 /* Frameworks */,
				D9BD25D4289FA2F900DD24F3 /* Resources */,
			);
			buildRules = (
			);
			dependencies = (
			);
			name = PsychotherapeuticCenter;
			productName = PsychotherapeuticCenter;
			productReference = D9BD25D6289FA2F900DD24F3 /* PsychotherapeuticCenter.app */;
			productType = "com.apple.product-type.application";
		};
/* End PBXNativeTarget section */

/* Begin PBXProject section */
		D9BD25CE289FA2F900DD24F3 /* Project object */ = {
			isa = PBXProject;
			attributes = {
				BuildIndependentTargetsInParallel = 1;
				LastSwiftUpdateCheck = 1340;
				LastUpgradeCheck = 1340;
				TargetAttributes = {
					D9BD25D5289FA2F900DD24F3 = {
						CreatedOnToolsVersion = 13.4.1;
					};
				};
			};
			buildConfigurationList = D9BD25D1289FA2F900DD24F3 /* Build configuration list for PBXProject "PsychotherapeuticCenter" */;
			compatibilityVersion = "Xcode 13.0";
			developmentRegion = en;
			hasScannedForEncodings = 0;
			knownRegions = (
				en,
				Base,
			);
			mainGroup = D9BD25CD289FA2F900DD24F3;
			productRefGroup = D9BD25D7289FA2F900DD24F3 /* Products */;
			projectDirPath = "";
			projectRoot = "";
			targets = (
				D9BD25D5289FA2F900DD24F3 /* PsychotherapeuticCenter */,
			);
		};
/* End PBXProject section */

/* Begin PBXResourcesBuildPhase section */
		D9BD25D4289FA2F900DD24F3 /* Resources */ = {
			isa = PBXResourcesBuildPhase;
			buildActionMask = 2147483647;
			files = (
				D9BD25E6289FA2FB00DD24F3 /* LaunchScreen.storyboard in Resources */,
				D9BD25E3289FA2FB00DD24F3 /* Assets.xcassets in Resources */,
			);
			runOnlyForDeploymentPostprocessing = 0;
		};
/* End PBXResourcesBuildPhase section */

/* Begin PBXSourcesBuildPhase section */
		D9BD25D2289FA2F900DD24F3 /* Sources */ = {
			isa = PBXSourcesBuildPhase;
			buildActionMask = 2147483647;
			files = (
				D9BD25F9289FA42C00DD24F3 /* Supervisable.swift in Sources */,
				D9BD25F1289FA38D00DD24F3 /* Analizable.swift in Sources */,
				D9BD2605289FA53C00DD24F3 /* Psychotherapist.swift in Sources */,
				D9BD25FB289FA44300DD24F3 /* Mindfullnessable.swift in Sources */,
				D9BD2601289FA4AE00DD24F3 /* Interviewable.swift in Sources */,
				D9BD2603289FA50200DD24F3 /* Client.swift in Sources */,
				D9BD2607289FA56E00DD24F3 /* Supervisor.swift in Sources */,
				D9BD260B289FA69F00DD24F3 /* AnalizableExtension.swift in Sources */,
				D9BD25FD289FA46900DD24F3 /* Regressible.swift in Sources */,
				D9BD260D289FA6C100DD24F3 /* RegressibleExtension.swift in Sources */,
				D9BD25FF289FA48300DD24F3 /* Psychotherapeuticable.swift in Sources */,
				D9BD2609289FA5E000DD24F3 /* PsychotherapeuticCenter.swift in Sources */,
				D9BD25DA289FA2F900DD24F3 /* AppDelegate.swift in Sources */,
				D9BD25F3289FA3B500DD24F3 /* Intervention.swift in Sources */,
				D9BD25F5289FA3CF00DD24F3 /* Traumable.swift in Sources */,
				D9BD25F7289FA40200DD24F3 /* Criticable.swift in Sources */,
			);
			runOnlyForDeploymentPostprocessing = 0;
		};
/* End PBXSourcesBuildPhase section */

/* Begin PBXVariantGroup section */
		D9BD25E4289FA2FB00DD24F3 /* LaunchScreen.storyboard */ = {
			isa = PBXVariantGroup;
			children = (
				D9BD25E5289FA2FB00DD24F3 /* Base */,
			);
			name = LaunchScreen.storyboard;
			sourceTree = "<group>";
		};
/* End PBXVariantGroup section */

/* Begin XCBuildConfiguration section */
		D9BD25E8289FA2FB00DD24F3 /* Debug */ = {
			isa = XCBuildConfiguration;
			buildSettings = {
				ALWAYS_SEARCH_USER_PATHS = NO;
				CLANG_ANALYZER_NONNULL = YES;
				CLANG_ANALYZER_NUMBER_OBJECT_CONVERSION = YES_AGGRESSIVE;
				CLANG_CXX_LANGUAGE_STANDARD = "gnu++17";
				CLANG_ENABLE_MODULES = YES;
				CLANG_ENABLE_OBJC_ARC = YES;
				CLANG_ENABLE_OBJC_WEAK = YES;
				CLANG_WARN_BLOCK_CAPTURE_AUTORELEASING = YES;
				CLANG_WARN_BOOL_CONVERSION = YES;
				CLANG_WARN_COMMA = YES;
				CLANG_WARN_CONSTANT_CONVERSION = YES;
				CLANG_WARN_DEPRECATED_OBJC_IMPLEMENTATIONS = YES;
				CLANG_WARN_DIRECT_OBJC_ISA_USAGE = YES_ERROR;
				CLANG_WARN_DOCUMENTATION_COMMENTS = YES;
				CLANG_WARN_EMPTY_BODY = YES;
				CLANG_WARN_ENUM_CONVERSION = YES;
				CLANG_WARN_INFINITE_RECURSION = YES;
				CLANG_WARN_INT_CONVERSION = YES;
				CLANG_WARN_NON_LITERAL_NULL_CONVERSION = YES;
				CLANG_WARN_OBJC_IMPLICIT_RETAIN_SELF = YES;
				CLANG_WARN_OBJC_LITERAL_CONVERSION = YES;
				CLANG_WARN_OBJC_ROOT_CLASS = YES_ERROR;
				CLANG_WARN_QUOTED_INCLUDE_IN_FRAMEWORK_HEADER = YES;
				CLANG_WARN_RANGE_LOOP_ANALYSIS = YES;
				CLANG_WARN_STRICT_PROTOTYPES = YES;
				CLANG_WARN_SUSPICIOUS_MOVE = YES;
				CLANG_WARN_UNGUARDED_AVAILABILITY = YES_AGGRESSIVE;
				CLANG_WARN_UNREACHABLE_CODE = YES;
				CLANG_WARN__DUPLICATE_METHOD_MATCH = YES;
				COPY_PHASE_STRIP = NO;
				DEBUG_INFORMATION_FORMAT = dwarf;
				ENABLE_STRICT_OBJC_MSGSEND = YES;
				ENABLE_TESTABILITY = YES;
				GCC_C_LANGUAGE_STANDARD = gnu11;
				GCC_DYNAMIC_NO_PIC = NO;
				GCC_NO_COMMON_BLOCKS = YES;
				GCC_OPTIMIZATION_LEVEL = 0;
				GCC_PREPROCESSOR_DEFINITIONS = (
					"DEBUG=1",
					"$(inherited)",
				);
				GCC_WARN_64_TO_32_BIT_CONVERSION = YES;
				GCC_WARN_ABOUT_RETURN_TYPE = YES_ERROR;
				GCC_WARN_UNDECLARED_SELECTOR = YES;
				GCC_WARN_UNINITIALIZED_AUTOS = YES_AGGRESSIVE;
				GCC_WARN_UNUSED_FUNCTION = YES;
				GCC_WARN_UNUSED_VARIABLE = YES;
				IPHONEOS_DEPLOYMENT_TARGET = 15.5;
				MTL_ENABLE_DEBUG_INFO = INCLUDE_SOURCE;
				MTL_FAST_MATH = YES;
				ONLY_ACTIVE_ARCH = YES;
				SDKROOT = iphoneos;
				SWIFT_ACTIVE_COMPILATION_CONDITIONS = DEBUG;
				SWIFT_OPTIMIZATION_LEVEL = "-Onone";
			};
			name = Debug;
		};
		D9BD25E9289FA2FB00DD24F3 /* Release */ = {
			isa = XCBuildConfiguration;
			buildSettings = {
				ALWAYS_SEARCH_USER_PATHS = NO;
				CLANG_ANALYZER_NONNULL = YES;
				CLANG_ANALYZER_NUMBER_OBJECT_CONVERSION = YES_AGGRESSIVE;
				CLANG_CXX_LANGUAGE_STANDARD = "gnu++17";
				CLANG_ENABLE_MODULES = YES;
				CLANG_ENABLE_OBJC_ARC = YES;
				CLANG_ENABLE_OBJC_WEAK = YES;
				CLANG_WARN_BLOCK_CAPTURE_AUTORELEASING = YES;
				CLANG_WARN_BOOL_CONVERSION = YES;
				CLANG_WARN_COMMA = YES;
				CLANG_WARN_CONSTANT_CONVERSION = YES;
				CLANG_WARN_DEPRECATED_OBJC_IMPLEMENTATIONS = YES;
				CLANG_WARN_DIRECT_OBJC_ISA_USAGE = YES_ERROR;
				CLANG_WARN_DOCUMENTATION_COMMENTS = YES;
				CLANG_WARN_EMPTY_BODY = YES;
				CLANG_WARN_ENUM_CONVERSION = YES;
				CLANG_WARN_INFINITE_RECURSION = YES;
				CLANG_WARN_INT_CONVERSION = YES;
				CLANG_WARN_NON_LITERAL_NULL_CONVERSION = YES;
				CLANG_WARN_OBJC_IMPLICIT_RETAIN_SELF = YES;
				CLANG_WARN_OBJC_LITERAL_CONVERSION = YES;
				CLANG_WARN_OBJC_ROOT_CLASS = YES_ERROR;
				CLANG_WARN_QUOTED_INCLUDE_IN_FRAMEWORK_HEADER = YES;
				CLANG_WARN_RANGE_LOOP_ANALYSIS = YES;
				CLANG_WARN_STRICT_PROTOTYPES = YES;
				CLANG_WARN_SUSPICIOUS_MOVE = YES;
				CLANG_WARN_UNGUARDED_AVAILABILITY = YES_AGGRESSIVE;
				CLANG_WARN_UNREACHABLE_CODE = YES;
				CLANG_WARN__DUPLICATE_METHOD_MATCH = YES;
				COPY_PHASE_STRIP = NO;
				DEBUG_INFORMATION_FORMAT = "dwarf-with-dsym";
				ENABLE_NS_ASSERTIONS = NO;
				ENABLE_STRICT_OBJC_MSGSEND = YES;
				GCC_C_LANGUAGE_STANDARD = gnu11;
				GCC_NO_COMMON_BLOCKS = YES;
				GCC_WARN_64_TO_32_BIT_CONVERSION = YES;
				GCC_WARN_ABOUT_RETURN_TYPE = YES_ERROR;
				GCC_WARN_UNDECLARED_SELECTOR = YES;
				GCC_WARN_UNINITIALIZED_AUTOS = YES_AGGRESSIVE;
				GCC_WARN_UNUSED_FUNCTION = YES;
				GCC_WARN_UNUSED_VARIABLE = YES;
				IPHONEOS_DEPLOYMENT_TARGET = 15.5;
				MTL_ENABLE_DEBUG_INFO = NO;
				MTL_FAST_MATH = YES;
				SDKROOT = iphoneos;
				SWIFT_COMPILATION_MODE = wholemodule;
				SWIFT_OPTIMIZATION_LEVEL = "-O";
				VALIDATE_PRODUCT = YES;
			};
			name = Release;
		};
		D9BD25EB289FA2FB00DD24F3 /* Debug */ = {
			isa = XCBuildConfiguration;
			buildSettings = {
				ASSETCATALOG_COMPILER_APPICON_NAME = AppIcon;
				ASSETCATALOG_COMPILER_GLOBAL_ACCENT_COLOR_NAME = AccentColor;
				CODE_SIGN_STYLE = Automatic;
				CURRENT_PROJECT_VERSION = 1;
				GENERATE_INFOPLIST_FILE = YES;
				INFOPLIST_FILE = PsychotherapeuticCenter/Info.plist;
				INFOPLIST_KEY_UIApplicationSupportsIndirectInputEvents = YES;
				INFOPLIST_KEY_UILaunchStoryboardName = LaunchScreen;
				INFOPLIST_KEY_UISupportedInterfaceOrientations_iPad = "UIInterfaceOrientationPortrait UIInterfaceOrientationPortraitUpsideDown UIInterfaceOrientationLandscapeLeft UIInterfaceOrientationLandscapeRight";
				INFOPLIST_KEY_UISupportedInterfaceOrientations_iPhone = "UIInterfaceOrientationPortrait UIInterfaceOrientationLandscapeLeft UIInterfaceOrientationLandscapeRight";
				LD_RUNPATH_SEARCH_PATHS = (
					"$(inherited)",
					"@executable_path/Frameworks",
				);
				MARKETING_VERSION = 1.0;
				PRODUCT_BUNDLE_IDENTIFIER = com.ermakov.PsychotherapeuticCenter;
				PRODUCT_NAME = "$(TARGET_NAME)";
				SWIFT_EMIT_LOC_STRINGS = YES;
				SWIFT_VERSION = 5.0;
				TARGETED_DEVICE_FAMILY = "1,2";
			};
			name = Debug;
		};
		D9BD25EC289FA2FB00DD24F3 /* Release */ = {
			isa = XCBuildConfiguration;
			buildSettings = {
				ASSETCATALOG_COMPILER_APPICON_NAME = AppIcon;
				ASSETCATALOG_COMPILER_GLOBAL_ACCENT_COLOR_NAME = AccentColor;
				CODE_SIGN_STYLE = Automatic;
				CURRENT_PROJECT_VERSION = 1;
				GENERATE_INFOPLIST_FILE = YES;
				INFOPLIST_FILE = PsychotherapeuticCenter/Info.plist;
				INFOPLIST_KEY_UIApplicationSupportsIndirectInputEvents = YES;
				INFOPLIST_KEY_UILaunchStoryboardName = LaunchScreen;
				INFOPLIST_KEY_UISupportedInterfaceOrientations_iPad = "UIInterfaceOrientationPortrait UIInterfaceOrientationPortraitUpsideDown UIInterfaceOrientationLandscapeLeft UIInterfaceOrientationLandscapeRight";
				INFOPLIST_KEY_UISupportedInterfaceOrientations_iPhone = "UIInterfaceOrientationPortrait UIInterfaceOrientationLandscapeLeft UIInterfaceOrientationLandscapeRight";
				LD_RUNPATH_SEARCH_PATHS = (
					"$(inherited)",
					"@executable_path/Frameworks",
				);
				MARKETING_VERSION = 1.0;
				PRODUCT_BUNDLE_IDENTIFIER = com.ermakov.PsychotherapeuticCenter;
				PRODUCT_NAME = "$(TARGET_NAME)";
				SWIFT_EMIT_LOC_STRINGS = YES;
				SWIFT_VERSION = 5.0;
				TARGETED_DEVICE_FAMILY = "1,2";
			};
			name = Release;
		};
/* End XCBuildConfiguration section */

/* Begin XCConfigurationList section */
		D9BD25D1289FA2F900DD24F3 /* Build configuration list for PBXProject "PsychotherapeuticCenter" */ = {
			isa = XCConfigurationList;
			buildConfigurations = (
				D9BD25E8289FA2FB00DD24F3 /* Debug */,
				D9BD25E9289FA2FB00DD24F3 /* Release */,
			);
			defaultConfigurationIsVisible = 0;
			defaultConfigurationName = Release;
		};
		D9BD25EA289FA2FB00DD24F3 /* Build configuration list for PBXNativeTarget "PsychotherapeuticCenter" */ = {
			isa = XCConfigurationList;
			buildConfigurations = (
				D9BD25EB289FA2FB00DD24F3 /* Debug */,
				D9BD25EC289FA2FB00DD24F3 /* Release */,
			);
			defaultConfigurationIsVisible = 0;
			defaultConfigurationName = Release;
		};
/* End XCConfigurationList section */
	};
	rootObject = D9BD25CE289FA2F900DD24F3 /* Project object */;
}
